
Microsoft Visual Studio Solution File, Format Version 12.00
# Visual Studio Version 17
VisualStudioVersion = 17.7.34024.191
MinimumVisualStudioVersion = 10.0.40219.1
Project("{54A90642-561A-4BB1-A94E-469ADEE60C69}") = "FamilyTreeWeb", "FamilyTreeWeb\FamilyTreeWeb.esproj", "{48B1933B-A170-47F5-84DD-382003151785}"
EndProject
Global
	GlobalSection(SolutionConfigurationPlatforms) = preSolution
		Debug|Any CPU = Debug|Any CPU
		Release|Any CPU = Release|Any CPU
	EndGlobalSection
	GlobalSection(ProjectConfigurationPlatforms) = postSolution
		{48B1933B-A170-47F5-84DD-382003151785}.Debug|Any CPU.ActiveCfg = Debug|Any CPU
		{48B1933B-A170-47F5-84DD-382003151785}.Debug|Any CPU.Build.0 = Debug|Any CPU
		{48B1933B-A170-47F5-84DD-382003151785}.Debug|Any CPU.Deploy.0 = Debug|Any CPU
		{48B1933B-A170-47F5-84DD-382003151785}.Release|Any CPU.ActiveCfg = Release|Any CPU
		{48B1933B-A170-47F5-84DD-382003151785}.Release|Any CPU.Build.0 = Release|Any CPU
		{48B1933B-A170-47F5-84DD-382003151785}.Release|Any CPU.Deploy.0 = Release|Any CPU
	EndGlobalSection
	GlobalSection(SolutionProperties) = preSolution
		HideSolutionNode = FALSE
	EndGlobalSection
	GlobalSection(ExtensibilityGlobals) = postSolution
		SolutionGuid = {220F422C-7F59-4810-9702-A53DB8FA7727}
	EndGlobalSection
EndGlobal
